
Microsoft Visual Studio Solution File, Format Version 12.00
# Visual Studio Version 17
VisualStudioVersion = 17.4.33122.133
MinimumVisualStudioVersion = 10.0.40219.1
Project("{9A19103F-16F7-4668-BE54-9A1E7A4F7556}") = "FlyTripsAPI", "FlyTripsAPI.csproj", "{8A04D0F4-36E3-421F-AA7E-66B38A2A4484}"
EndProject
Project("{9A19103F-16F7-4668-BE54-9A1E7A4F7556}") = "FlyTrips.Entities", "..\FlyTrips.Entities\FlyTrips.Entities.csproj", "{A9653D33-D130-48C1-B4F1-25783E04A5A7}"
EndProject
Project("{9A19103F-16F7-4668-BE54-9A1E7A4F7556}") = "FlyTrips.Services", "..\FlyTrips.Services\FlyTrips.Services.csproj", "{1E72EEDD-3D72-4788-A773-CDAB9F5F8090}"
EndProject
Project("{FAE04EC0-301F-11D3-BF4B-00C04F79EFBC}") = "FlyTrips.DTO", "..\FlyTrips.DTO\FlyTrips.DTO.csproj", "{B5902DB1-35F8-48EC-A0ED-EE8BBA10E14C}"
EndProject
Global
	GlobalSection(SolutionConfigurationPlatforms) = preSolution
		Debug|Any CPU = Debug|Any CPU
		Release|Any CPU = Release|Any CPU
	EndGlobalSection
	GlobalSection(ProjectConfigurationPlatforms) = postSolution
		{8A04D0F4-36E3-421F-AA7E-66B38A2A4484}.Debug|Any CPU.ActiveCfg = Debug|Any CPU
		{8A04D0F4-36E3-421F-AA7E-66B38A2A4484}.Debug|Any CPU.Build.0 = Debug|Any CPU
		{8A04D0F4-36E3-421F-AA7E-66B38A2A4484}.Release|Any CPU.ActiveCfg = Release|Any CPU
		{8A04D0F4-36E3-421F-AA7E-66B38A2A4484}.Release|Any CPU.Build.0 = Release|Any CPU
		{A9653D33-D130-48C1-B4F1-25783E04A5A7}.Debug|Any CPU.ActiveCfg = Debug|Any CPU
		{A9653D33-D130-48C1-B4F1-25783E04A5A7}.Debug|Any CPU.Build.0 = Debug|Any CPU
		{A9653D33-D130-48C1-B4F1-25783E04A5A7}.Release|Any CPU.ActiveCfg = Release|Any CPU
		{A9653D33-D130-48C1-B4F1-25783E04A5A7}.Release|Any CPU.Build.0 = Release|Any CPU
		{1E72EEDD-3D72-4788-A773-CDAB9F5F8090}.Debug|Any CPU.ActiveCfg = Debug|Any CPU
		{1E72EEDD-3D72-4788-A773-CDAB9F5F8090}.Debug|Any CPU.Build.0 = Debug|Any CPU
		{1E72EEDD-3D72-4788-A773-CDAB9F5F8090}.Release|Any CPU.ActiveCfg = Release|Any CPU
		{1E72EEDD-3D72-4788-A773-CDAB9F5F8090}.Release|Any CPU.Build.0 = Release|Any CPU
		{B5902DB1-35F8-48EC-A0ED-EE8BBA10E14C}.Debug|Any CPU.ActiveCfg = Debug|Any CPU
		{B5902DB1-35F8-48EC-A0ED-EE8BBA10E14C}.Debug|Any CPU.Build.0 = Debug|Any CPU
		{B5902DB1-35F8-48EC-A0ED-EE8BBA10E14C}.Release|Any CPU.ActiveCfg = Release|Any CPU
		{B5902DB1-35F8-48EC-A0ED-EE8BBA10E14C}.Release|Any CPU.Build.0 = Release|Any CPU
	EndGlobalSection
	GlobalSection(SolutionProperties) = preSolution
		HideSolutionNode = FALSE
	EndGlobalSection
	GlobalSection(ExtensibilityGlobals) = postSolution
		SolutionGuid = {8EE0FDC9-8C29-4DC9-A3BC-430882815131}
	EndGlobalSection
EndGlobal
